{
    "_readme": [
        "This file locks the dependencies of your project to a known state",
        "Read more about it at https://getcomposer.org/doc/01-basic-usage.md#composer-lock-the-lock-file",
        "This file is @generated automatically"
    ],
    "content-hash": "0093f3ba62b0ecce4f17e7fd8ea34ee8",
    "packages": [
        {
            "name": "nusphere/nusoap",
            "version": "0.9.6",
            "source": {
                "type": "git",
                "url": "https://github.com/wooxo/nusoap.git",
                "reference": "c020c749d34ed1c52669fd0068f7b557bbcd0a8f"
            },
            "dist": {
                "type": "zip",
                "url": "https://api.github.com/repos/wooxo/nusoap/zipball/c020c749d34ed1c52669fd0068f7b557bbcd0a8f",
                "reference": "c020c749d34ed1c52669fd0068f7b557bbcd0a8f",
                "shasum": ""
            },
            "type": "library",
            "autoload": {
                "classmap": [
                    "lib/"
                ]
            },
            "notification-url": "https://packagist.org/downloads/",
            "license": [
                "MIT"
            ],
            "authors": [
                {
                    "name": "Wooxo SA",
                    "email": "dev@wooxo.fr"
                }
            ],
            "description": "NuSoap Repository for Composer with some fixes",
            "homepage": "https://github.com/wooxo/nusoap",
            "keywords": [
                "composer",
                "nusoap",
                "php"
            ],
            "time": "2015-12-04T12:05:20+00:00"
        },
        {
            "name": "yousign/yousign-api-client",
            "version": "1.4.0",
            "source": {
                "type": "git",
                "url": "https://github.com/Yousign/yousign-api-client-php.git",
                "reference": "1ba99049d6a337dbe04c5bd20e003bf0b408f6ef"
            },
            "dist": {
                "type": "zip",
                "url": "https://api.github.com/repos/Yousign/yousign-api-client-php/zipball/1ba99049d6a337dbe04c5bd20e003bf0b408f6ef",
                "reference": "1ba99049d6a337dbe04c5bd20e003bf0b408f6ef",
                "shasum": ""
            },
            "require": {
                "nusphere/nusoap": "0.9.6",
                "php": ">=5.3"
            },
            "type": "library",
            "extra": {
                "branch-alias": {
                    "dev-master": "1.3-dev"
                }
            },
            "autoload": {
                "psr-4": {
                    "YousignAPI\\": "src/"
                }
            },
            "notification-url": "https://packagist.org/downloads/",
            "authors": [
                {
                    "name": "Kevin Auvinet",
                    "email": "kevin.auvinet@yousign.fr"
                }
            ],
            "description": "A PHP client for the Yousign API",
            "time": "2017-04-11T07:58:28+00:00"
        }
    ],
    "packages-dev": [],
    "aliases": [],
    "minimum-stability": "stable",
    "stability-flags": [],
    "prefer-stable": false,
    "prefer-lowest": false,
    "platform": {
        "php": ">=5.3"
    },
    "platform-dev": []
}
